
Microsoft Visual Studio Solution File, Format Version 12.00
# Visual Studio Version 18
VisualStudioVersion = 18.2.11415.280
MinimumVisualStudioVersion = 10.0.40219.1
Project("{9A19103F-16F7-4668-BE54-9A1E7A4F7556}") = "Server", "Server\Server.csproj", "{ECE354A8-1AEB-4ABA-A3C1-013A029AF560}"
EndProject
Project("{9A19103F-16F7-4668-BE54-9A1E7A4F7556}") = "ServerCore", "ServerCore\ServerCore.csproj", "{225DE72F-27CC-45B4-B0F0-F8F08A7328A2}"
EndProject
Project("{2150E333-8FDC-42A3-9474-1A3956D46DE8}") = "Tools", "Tools", "{8B491CF6-3083-47E7-B38D-2FC74C64238F}"
EndProject
Project("{9A19103F-16F7-4668-BE54-9A1E7A4F7556}") = "DummyClient", "DummyClient\DummyClient.csproj", "{C4DE5EF1-EC5A-4E7A-9E6E-DF9ED25DE653}"
EndProject
Project("{9A19103F-16F7-4668-BE54-9A1E7A4F7556}") = "AccountServer", "AccountServer\AccountServer.csproj", "{595D979F-ABE3-4784-960B-EF9EDC30684A}"
EndProject
Project("{FAE04EC0-301F-11D3-BF4B-00C04F79EFBC}") = "SharedDB", "SharedDB\SharedDB.csproj", "{FE3E59C4-78F8-406F-8402-CD7D1C890AA4}"
EndProject
Project("{FAE04EC0-301F-11D3-BF4B-00C04F79EFBC}") = "Server.Tests", "Server.Tests\Server.Tests.csproj", "{D1BA33A5-5946-453B-9E38-17AA0EA205B1}"
EndProject
Project("{FAE04EC0-301F-11D3-BF4B-00C04F79EFBC}") = "Server.Benchmarks", "Server.Benchmarks\Server.Benchmarks.csproj", "{F65C802F-A7E1-4CC4-A01F-E48A09E78F2C}"
EndProject
Global
	GlobalSection(SolutionConfigurationPlatforms) = preSolution
		Debug|Any CPU = Debug|Any CPU
		Debug|x64 = Debug|x64
		Debug|x86 = Debug|x86
		Release|Any CPU = Release|Any CPU
		Release|x64 = Release|x64
		Release|x86 = Release|x86
	EndGlobalSection
	GlobalSection(ProjectConfigurationPlatforms) = postSolution
		{ECE354A8-1AEB-4ABA-A3C1-013A029AF560}.Debug|Any CPU.ActiveCfg = Debug|Any CPU
		{ECE354A8-1AEB-4ABA-A3C1-013A029AF560}.Debug|Any CPU.Build.0 = Debug|Any CPU
		{ECE354A8-1AEB-4ABA-A3C1-013A029AF560}.Debug|x64.ActiveCfg = Debug|Any CPU
		{ECE354A8-1AEB-4ABA-A3C1-013A029AF560}.Debug|x64.Build.0 = Debug|Any CPU
		{ECE354A8-1AEB-4ABA-A3C1-013A029AF560}.Debug|x86.ActiveCfg = Debug|Any CPU
		{ECE354A8-1AEB-4ABA-A3C1-013A029AF560}.Debug|x86.Build.0 = Debug|Any CPU
		{ECE354A8-1AEB-4ABA-A3C1-013A029AF560}.Release|Any CPU.ActiveCfg = Release|Any CPU
		{ECE354A8-1AEB-4ABA-A3C1-013A029AF560}.Release|Any CPU.Build.0 = Release|Any CPU
		{ECE354A8-1AEB-4ABA-A3C1-013A029AF560}.Release|x64.ActiveCfg = Release|Any CPU
		{ECE354A8-1AEB-4ABA-A3C1-013A029AF560}.Release|x64.Build.0 = Release|Any CPU
		{ECE354A8-1AEB-4ABA-A3C1-013A029AF560}.Release|x86.ActiveCfg = Release|Any CPU
		{ECE354A8-1AEB-4ABA-A3C1-013A029AF560}.Release|x86.Build.0 = Release|Any CPU
		{225DE72F-27CC-45B4-B0F0-F8F08A7328A2}.Debug|Any CPU.ActiveCfg = Debug|Any CPU
		{225DE72F-27CC-45B4-B0F0-F8F08A7328A2}.Debug|Any CPU.Build.0 = Debug|Any CPU
		{225DE72F-27CC-45B4-B0F0-F8F08A7328A2}.Debug|x64.ActiveCfg = Debug|Any CPU
		{225DE72F-27CC-45B4-B0F0-F8F08A7328A2}.Debug|x64.Build.0 = Debug|Any CPU
		{225DE72F-27CC-45B4-B0F0-F8F08A7328A2}.Debug|x86.ActiveCfg = Debug|Any CPU
		{225DE72F-27CC-45B4-B0F0-F8F08A7328A2}.Debug|x86.Build.0 = Debug|Any CPU
		{225DE72F-27CC-45B4-B0F0-F8F08A7328A2}.Release|Any CPU.ActiveCfg = Release|Any CPU
		{225DE72F-27CC-45B4-B0F0-F8F08A7328A2}.Release|Any CPU.Build.0 = Release|Any CPU
		{225DE72F-27CC-45B4-B0F0-F8F08A7328A2}.Release|x64.ActiveCfg = Release|Any CPU
		{225DE72F-27CC-45B4-B0F0-F8F08A7328A2}.Release|x64.Build.0 = Release|Any CPU
		{225DE72F-27CC-45B4-B0F0-F8F08A7328A2}.Release|x86.ActiveCfg = Release|Any CPU
		{225DE72F-27CC-45B4-B0F0-F8F08A7328A2}.Release|x86.Build.0 = Release|Any CPU
		{C4DE5EF1-EC5A-4E7A-9E6E-DF9ED25DE653}.Debug|Any CPU.ActiveCfg = Debug|Any CPU
		{C4DE5EF1-EC5A-4E7A-9E6E-DF9ED25DE653}.Debug|Any CPU.Build.0 = Debug|Any CPU
		{C4DE5EF1-EC5A-4E7A-9E6E-DF9ED25DE653}.Debug|x64.ActiveCfg = Debug|Any CPU
		{C4DE5EF1-EC5A-4E7A-9E6E-DF9ED25DE653}.Debug|x64.Build.0 = Debug|Any CPU
		{C4DE5EF1-EC5A-4E7A-9E6E-DF9ED25DE653}.Debug|x86.ActiveCfg = Debug|Any CPU
		{C4DE5EF1-EC5A-4E7A-9E6E-DF9ED25DE653}.Debug|x86.Build.0 = Debug|Any CPU
		{C4DE5EF1-EC5A-4E7A-9E6E-DF9ED25DE653}.Release|Any CPU.ActiveCfg = Release|Any CPU
		{C4DE5EF1-EC5A-4E7A-9E6E-DF9ED25DE653}.Release|Any CPU.Build.0 = Release|Any CPU
		{C4DE5EF1-EC5A-4E7A-9E6E-DF9ED25DE653}.Release|x64.ActiveCfg = Release|Any CPU
		{C4DE5EF1-EC5A-4E7A-9E6E-DF9ED25DE653}.Release|x64.Build.0 = Release|Any CPU
		{C4DE5EF1-EC5A-4E7A-9E6E-DF9ED25DE653}.Release|x86.ActiveCfg = Release|Any CPU
		{C4DE5EF1-EC5A-4E7A-9E6E-DF9ED25DE653}.Release|x86.Build.0 = Release|Any CPU
		{595D979F-ABE3-4784-960B-EF9EDC30684A}.Debug|Any CPU.ActiveCfg = Debug|Any CPU
		{595D979F-ABE3-4784-960B-EF9EDC30684A}.Debug|Any CPU.Build.0 = Debug|Any CPU
		{595D979F-ABE3-4784-960B-EF9EDC30684A}.Debug|x64.ActiveCfg = Debug|Any CPU
		{595D979F-ABE3-4784-960B-EF9EDC30684A}.Debug|x64.Build.0 = Debug|Any CPU
		{595D979F-ABE3-4784-960B-EF9EDC30684A}.Debug|x86.ActiveCfg = Debug|Any CPU
		{595D979F-ABE3-4784-960B-EF9EDC30684A}.Debug|x86.Build.0 = Debug|Any CPU
		{595D979F-ABE3-4784-960B-EF9EDC30684A}.Release|Any CPU.ActiveCfg = Release|Any CPU
		{595D979F-ABE3-4784-960B-EF9EDC30684A}.Release|Any CPU.Build.0 = Release|Any CPU
		{595D979F-ABE3-4784-960B-EF9EDC30684A}.Release|x64.ActiveCfg = Release|Any CPU
		{595D979F-ABE3-4784-960B-EF9EDC30684A}.Release|x64.Build.0 = Release|Any CPU
		{595D979F-ABE3-4784-960B-EF9EDC30684A}.Release|x86.ActiveCfg = Release|Any CPU
		{595D979F-ABE3-4784-960B-EF9EDC30684A}.Release|x86.Build.0 = Release|Any CPU
		{FE3E59C4-78F8-406F-8402-CD7D1C890AA4}.Debug|Any CPU.ActiveCfg = Debug|Any CPU
		{FE3E59C4-78F8-406F-8402-CD7D1C890AA4}.Debug|Any CPU.Build.0 = Debug|Any CPU
		{FE3E59C4-78F8-406F-8402-CD7D1C890AA4}.Debug|x64.ActiveCfg = Debug|Any CPU
		{FE3E59C4-78F8-406F-8402-CD7D1C890AA4}.Debug|x64.Build.0 = Debug|Any CPU
		{FE3E59C4-78F8-406F-8402-CD7D1C890AA4}.Debug|x86.ActiveCfg = Debug|Any CPU
		{FE3E59C4-78F8-406F-8402-CD7D1C890AA4}.Debug|x86.Build.0 = Debug|Any CPU
		{FE3E59C4-78F8-406F-8402-CD7D1C890AA4}.Release|Any CPU.ActiveCfg = Release|Any CPU
		{FE3E59C4-78F8-406F-8402-CD7D1C890AA4}.Release|Any CPU.Build.0 = Release|Any CPU
		{FE3E59C4-78F8-406F-8402-CD7D1C890AA4}.Release|x64.ActiveCfg = Release|Any CPU
		{FE3E59C4-78F8-406F-8402-CD7D1C890AA4}.Release|x64.Build.0 = Release|Any CPU
		{FE3E59C4-78F8-406F-8402-CD7D1C890AA4}.Release|x86.ActiveCfg = Release|Any CPU
		{FE3E59C4-78F8-406F-8402-CD7D1C890AA4}.Release|x86.Build.0 = Release|Any CPU
		{D1BA33A5-5946-453B-9E38-17AA0EA205B1}.Debug|Any CPU.ActiveCfg = Debug|Any CPU
		{D1BA33A5-5946-453B-9E38-17AA0EA205B1}.Debug|Any CPU.Build.0 = Debug|Any CPU
		{D1BA33A5-5946-453B-9E38-17AA0EA205B1}.Debug|x64.ActiveCfg = Debug|Any CPU
		{D1BA33A5-5946-453B-9E38-17AA0EA205B1}.Debug|x64.Build.0 = Debug|Any CPU
		{D1BA33A5-5946-453B-9E38-17AA0EA205B1}.Debug|x86.ActiveCfg = Debug|Any CPU
		{D1BA33A5-5946-453B-9E38-17AA0EA205B1}.Debug|x86.Build.0 = Debug|Any CPU
		{D1BA33A5-5946-453B-9E38-17AA0EA205B1}.Release|Any CPU.ActiveCfg = Release|Any CPU
		{D1BA33A5-5946-453B-9E38-17AA0EA205B1}.Release|Any CPU.Build.0 = Release|Any CPU
		{D1BA33A5-5946-453B-9E38-17AA0EA205B1}.Release|x64.ActiveCfg = Release|Any CPU
		{D1BA33A5-5946-453B-9E38-17AA0EA205B1}.Release|x64.Build.0 = Release|Any CPU
		{D1BA33A5-5946-453B-9E38-17AA0EA205B1}.Release|x86.ActiveCfg = Release|Any CPU
		{D1BA33A5-5946-453B-9E38-17AA0EA205B1}.Release|x86.Build.0 = Release|Any CPU
		{F65C802F-A7E1-4CC4-A01F-E48A09E78F2C}.Debug|Any CPU.ActiveCfg = Debug|Any CPU
		{F65C802F-A7E1-4CC4-A01F-E48A09E78F2C}.Debug|Any CPU.Build.0 = Debug|Any CPU
		{F65C802F-A7E1-4CC4-A01F-E48A09E78F2C}.Debug|x64.ActiveCfg = Debug|Any CPU
		{F65C802F-A7E1-4CC4-A01F-E48A09E78F2C}.Debug|x64.Build.0 = Debug|Any CPU
		{F65C802F-A7E1-4CC4-A01F-E48A09E78F2C}.Debug|x86.ActiveCfg = Debug|Any CPU
		{F65C802F-A7E1-4CC4-A01F-E48A09E78F2C}.Debug|x86.Build.0 = Debug|Any CPU
		{F65C802F-A7E1-4CC4-A01F-E48A09E78F2C}.Release|Any CPU.ActiveCfg = Release|Any CPU
		{F65C802F-A7E1-4CC4-A01F-E48A09E78F2C}.Release|Any CPU.Build.0 = Release|Any CPU
		{F65C802F-A7E1-4CC4-A01F-E48A09E78F2C}.Release|x64.ActiveCfg = Release|Any CPU
		{F65C802F-A7E1-4CC4-A01F-E48A09E78F2C}.Release|x64.Build.0 = Release|Any CPU
		{F65C802F-A7E1-4CC4-A01F-E48A09E78F2C}.Release|x86.ActiveCfg = Release|Any CPU
		{F65C802F-A7E1-4CC4-A01F-E48A09E78F2C}.Release|x86.Build.0 = Release|Any CPU
	EndGlobalSection
	GlobalSection(SolutionProperties) = preSolution
		HideSolutionNode = FALSE
	EndGlobalSection
	GlobalSection(ExtensibilityGlobals) = postSolution
		SolutionGuid = {E3218959-EC75-4BE2-A827-B759D604BFDB}
	EndGlobalSection
EndGlobal
